// !$*UTF8*$!
{
	archiveVersion = 1;
	classes = {
	};
	objectVersion = 55;
	objects = {

/* Begin PBXBuildFile section */
		1767F80C7BE0AC2C12B13B3B /* Pods_Tweet_TweetUITests.framework in Frameworks */ = {isa = PBXBuildFile; fileRef = 774C543CAA08B7AF94BBAA59 /* Pods_Tweet_TweetUITests.framework */; };
		3092DBEB2527AE975E39FA92 /* Pods_TweetTests.framework in Frameworks */ = {isa = PBXBuildFile; fileRef = 9D976573ABDC8B33E09B3015 /* Pods_TweetTests.framework */; };
		A513E84827F9D5290084BD86 /* TweetViewController.swift in Sources */ = {isa = PBXBuildFile; fileRef = A513E84727F9D5290084BD86 /* TweetViewController.swift */; };
		A513E84A27F9D5310084BD86 /* TweetPresenter.swift in Sources */ = {isa = PBXBuildFile; fileRef = A513E84927F9D5310084BD86 /* TweetPresenter.swift */; };
		A54DF58228047A28008C5DD9 /* ProfileViewController.swift in Sources */ = {isa = PBXBuildFile; fileRef = A54DF58128047A28008C5DD9 /* ProfileViewController.swift */; };
		A54DF58428047A2E008C5DD9 /* ProfilePresenter.swift in Sources */ = {isa = PBXBuildFile; fileRef = A54DF58328047A2E008C5DD9 /* ProfilePresenter.swift */; };
		A5828A7B27F5CF8600DC89D3 /* AppDelegate.swift in Sources */ = {isa = PBXBuildFile; fileRef = A5828A7A27F5CF8600DC89D3 /* AppDelegate.swift */; };
		A5828A7D27F5CF8600DC89D3 /* SceneDelegate.swift in Sources */ = {isa = PBXBuildFile; fileRef = A5828A7C27F5CF8600DC89D3 /* SceneDelegate.swift */; };
		A5828A7F27F5CF8600DC89D3 /* TabBarViewController.swift in Sources */ = {isa = PBXBuildFile; fileRef = A5828A7E27F5CF8600DC89D3 /* TabBarViewController.swift */; };
		A5828A8427F5CF8700DC89D3 /* Assets.xcassets in Resources */ = {isa = PBXBuildFile; fileRef = A5828A8327F5CF8700DC89D3 /* Assets.xcassets */; };
		A5828A8727F5CF8700DC89D3 /* LaunchScreen.storyboard in Resources */ = {isa = PBXBuildFile; fileRef = A5828A8527F5CF8700DC89D3 /* LaunchScreen.storyboard */; };
		A5828A9227F5CF8700DC89D3 /* TweetTests.swift in Sources */ = {isa = PBXBuildFile; fileRef = A5828A9127F5CF8700DC89D3 /* TweetTests.swift */; };
		A5828A9C27F5CF8700DC89D3 /* TweetUITests.swift in Sources */ = {isa = PBXBuildFile; fileRef = A5828A9B27F5CF8700DC89D3 /* TweetUITests.swift */; };
		A5828A9E27F5CF8700DC89D3 /* TweetUITestsLaunchTests.swift in Sources */ = {isa = PBXBuildFile; fileRef = A5828A9D27F5CF8700DC89D3 /* TweetUITestsLaunchTests.swift */; };
		A5828AAC27F5CF9F00DC89D3 /* SnapKit in Frameworks */ = {isa = PBXBuildFile; productRef = A5828AAB27F5CF9F00DC89D3 /* SnapKit */; };
		A5828AAF27F5D03700DC89D3 /* Tweet.swift in Sources */ = {isa = PBXBuildFile; fileRef = A5828AAE27F5D03700DC89D3 /* Tweet.swift */; };
		A5828AB227F5D05200DC89D3 /* User.swift in Sources */ = {isa = PBXBuildFile; fileRef = A5828AB127F5D05200DC89D3 /* User.swift */; };
		A5828AB527F5D0B400DC89D3 /* UserDefaultsManager.swift in Sources */ = {isa = PBXBuildFile; fileRef = A5828AB427F5D0B400DC89D3 /* UserDefaultsManager.swift */; };
		A5828AB727F5D2CC00DC89D3 /* FeedViewController.swift in Sources */ = {isa = PBXBuildFile; fileRef = A5828AB627F5D2CC00DC89D3 /* FeedViewController.swift */; };
		A5828AB927F5D2D200DC89D3 /* FeedPresenter.swift in Sources */ = {isa = PBXBuildFile; fileRef = A5828AB827F5D2D200DC89D3 /* FeedPresenter.swift */; };
		A5828ABC27F5D48000DC89D3 /* TabBarItem.swift in Sources */ = {isa = PBXBuildFile; fileRef = A5828ABB27F5D48000DC89D3 /* TabBarItem.swift */; };
		A5828ABF27F5D5E600DC89D3 /* FeedTableViewCell.swift in Sources */ = {isa = PBXBuildFile; fileRef = A5828ABE27F5D5E600DC89D3 /* FeedTableViewCell.swift */; };
		A5828AC127F5D86600DC89D3 /* Icon.swift in Sources */ = {isa = PBXBuildFile; fileRef = A5828AC027F5D86600DC89D3 /* Icon.swift */; };
		A589B0DE280320E500BECC62 /* WriteViewController.swift in Sources */ = {isa = PBXBuildFile; fileRef = A589B0DD280320E500BECC62 /* WriteViewController.swift */; };
		A589B0E0280320EB00BECC62 /* WritePresenter.swift in Sources */ = {isa = PBXBuildFile; fileRef = A589B0DF280320EB00BECC62 /* WritePresenter.swift */; };
		A5DEBDA5280549D1009B4B8E /* Toast in Frameworks */ = {isa = PBXBuildFile; productRef = A5DEBDA4280549D1009B4B8E /* Toast */; };
		A5DEBDA728054AE3009B4B8E /* FeedPresenterTests.swift in Sources */ = {isa = PBXBuildFile; fileRef = A5DEBDA628054AE3009B4B8E /* FeedPresenterTests.swift */; };
		A5DEBDAA28054D2D009B4B8E /* MockFeedViewController.swift in Sources */ = {isa = PBXBuildFile; fileRef = A5DEBDA928054D2D009B4B8E /* MockFeedViewController.swift */; };
		A5DEBDAC28054D62009B4B8E /* MockUserDefaultsManaer.swift in Sources */ = {isa = PBXBuildFile; fileRef = A5DEBDAB28054D62009B4B8E /* MockUserDefaultsManaer.swift */; };
		A5DEBDAF28054DAD009B4B8E /* WritePresenterTests.swift in Sources */ = {isa = PBXBuildFile; fileRef = A5DEBDAE28054DAD009B4B8E /* WritePresenterTests.swift */; };
		A5DEBDB128054EF7009B4B8E /* MockWriteViewController.swift in Sources */ = {isa = PBXBuildFile; fileRef = A5DEBDB028054EF7009B4B8E /* MockWriteViewController.swift */; };
		A5DEBDB328054F34009B4B8E /* TweetPresenterTests.swift in Sources */ = {isa = PBXBuildFile; fileRef = A5DEBDB228054F34009B4B8E /* TweetPresenterTests.swift */; };
		A5DEBDB52805503C009B4B8E /* MockTweetViewController.swift in Sources */ = {isa = PBXBuildFile; fileRef = A5DEBDB42805503C009B4B8E /* MockTweetViewController.swift */; };
		A5DEBDB72805508C009B4B8E /* ProfilePresenterTests.swift in Sources */ = {isa = PBXBuildFile; fileRef = A5DEBDB62805508C009B4B8E /* ProfilePresenterTests.swift */; };
		A5DEBDB928055284009B4B8E /* MockProfileViewController.swift in Sources */ = {isa = PBXBuildFile; fileRef = A5DEBDB828055284009B4B8E /* MockProfileViewController.swift */; };
		DEFAAC667DA8EE64D7669F05 /* Pods_Tweet.framework in Frameworks */ = {isa = PBXBuildFile; fileRef = AA4E2BDB2DA0FA72A982C02F /* Pods_Tweet.framework */; };
/* End PBXBuildFile section */

/* Begin PBXContainerItemProxy section */
		A5828A8E27F5CF8700DC89D3 /* PBXContainerItemProxy */ = {
			isa = PBXContainerItemProxy;
			containerPortal = A5828A6F27F5CF8600DC89D3 /* Project object */;
			proxyType = 1;
			remoteGlobalIDString = A5828A7627F5CF8600DC89D3;
			remoteInfo = Tweet;
		};
		A5828A9827F5CF8700DC89D3 /* PBXContainerItemProxy */ = {
			isa = PBXContainerItemProxy;
			containerPortal = A5828A6F27F5CF8600DC89D3 /* Project object */;
			proxyType = 1;
			remoteGlobalIDString = A5828A7627F5CF8600DC89D3;
			remoteInfo = Tweet;
		};
/* End PBXContainerItemProxy section */

/* Begin PBXFileReference section */
		27F08C0C38809D83D86F57B3 /* Pods-TweetTests.release.xcconfig */ = {isa = PBXFileReference; includeInIndex = 1; lastKnownFileType = text.xcconfig; name = "Pods-TweetTests.release.xcconfig"; path = "Target Support Files/Pods-TweetTests/Pods-TweetTests.release.xcconfig"; sourceTree = "<group>"; };
		66BF9117D345C2186CCCAF04 /* Pods-TweetTests.debug.xcconfig */ = {isa = PBXFileReference; includeInIndex = 1; lastKnownFileType = text.xcconfig; name = "Pods-TweetTests.debug.xcconfig"; path = "Target Support Files/Pods-TweetTests/Pods-TweetTests.debug.xcconfig"; sourceTree = "<group>"; };
		6C1F35C7212E81A5858356DD /* Pods-Tweet-TweetUITests.release.xcconfig */ = {isa = PBXFileReference; includeInIndex = 1; lastKnownFileType = text.xcconfig; name = "Pods-Tweet-TweetUITests.release.xcconfig"; path = "Target Support Files/Pods-Tweet-TweetUITests/Pods-Tweet-TweetUITests.release.xcconfig"; sourceTree = "<group>"; };
		774C543CAA08B7AF94BBAA59 /* Pods_Tweet_TweetUITests.framework */ = {isa = PBXFileReference; explicitFileType = wrapper.framework; includeInIndex = 0; path = Pods_Tweet_TweetUITests.framework; sourceTree = BUILT_PRODUCTS_DIR; };
		9D976573ABDC8B33E09B3015 /* Pods_TweetTests.framework */ = {isa = PBXFileReference; explicitFileType = wrapper.framework; includeInIndex = 0; path = Pods_TweetTests.framework; sourceTree = BUILT_PRODUCTS_DIR; };
		A513E84727F9D5290084BD86 /* TweetViewController.swift */ = {isa = PBXFileReference; lastKnownFileType = sourcecode.swift; path = TweetViewController.swift; sourceTree = "<group>"; };
		A513E84927F9D5310084BD86 /* TweetPresenter.swift */ = {isa = PBXFileReference; lastKnownFileType = sourcecode.swift; path = TweetPresenter.swift; sourceTree = "<group>"; };
		A54DF58128047A28008C5DD9 /* ProfileViewController.swift */ = {isa = PBXFileReference; lastKnownFileType = sourcecode.swift; path = ProfileViewController.swift; sourceTree = "<group>"; };
		A54DF58328047A2E008C5DD9 /* ProfilePresenter.swift */ = {isa = PBXFileReference; lastKnownFileType = sourcecode.swift; path = ProfilePresenter.swift; sourceTree = "<group>"; };
		A5828A7727F5CF8600DC89D3 /* Tweet.app */ = {isa = PBXFileReference; explicitFileType = wrapper.application; includeInIndex = 0; path = Tweet.app; sourceTree = BUILT_PRODUCTS_DIR; };
		A5828A7A27F5CF8600DC89D3 /* AppDelegate.swift */ = {isa = PBXFileReference; lastKnownFileType = sourcecode.swift; path = AppDelegate.swift; sourceTree = "<group>"; };
		A5828A7C27F5CF8600DC89D3 /* SceneDelegate.swift */ = {isa = PBXFileReference; lastKnownFileType = sourcecode.swift; path = SceneDelegate.swift; sourceTree = "<group>"; };
		A5828A7E27F5CF8600DC89D3 /* TabBarViewController.swift */ = {isa = PBXFileReference; lastKnownFileType = sourcecode.swift; path = TabBarViewController.swift; sourceTree = "<group>"; };
		A5828A8327F5CF8700DC89D3 /* Assets.xcassets */ = {isa = PBXFileReference; lastKnownFileType = folder.assetcatalog; path = Assets.xcassets; sourceTree = "<group>"; };
		A5828A8627F5CF8700DC89D3 /* Base */ = {isa = PBXFileReference; lastKnownFileType = file.storyboard; name = Base; path = Base.lproj/LaunchScreen.storyboard; sourceTree = "<group>"; };
		A5828A8827F5CF8700DC89D3 /* Info.plist */ = {isa = PBXFileReference; lastKnownFileType = text.plist.xml; path = Info.plist; sourceTree = "<group>"; };
		A5828A8D27F5CF8700DC89D3 /* TweetTests.xctest */ = {isa = PBXFileReference; explicitFileType = wrapper.cfbundle; includeInIndex = 0; path = TweetTests.xctest; sourceTree = BUILT_PRODUCTS_DIR; };
		A5828A9127F5CF8700DC89D3 /* TweetTests.swift */ = {isa = PBXFileReference; lastKnownFileType = sourcecode.swift; path = TweetTests.swift; sourceTree = "<group>"; };
		A5828A9727F5CF8700DC89D3 /* TweetUITests.xctest */ = {isa = PBXFileReference; explicitFileType = wrapper.cfbundle; includeInIndex = 0; path = TweetUITests.xctest; sourceTree = BUILT_PRODUCTS_DIR; };
		A5828A9B27F5CF8700DC89D3 /* TweetUITests.swift */ = {isa = PBXFileReference; lastKnownFileType = sourcecode.swift; path = TweetUITests.swift; sourceTree = "<group>"; };
		A5828A9D27F5CF8700DC89D3 /* TweetUITestsLaunchTests.swift */ = {isa = PBXFileReference; lastKnownFileType = sourcecode.swift; path = TweetUITestsLaunchTests.swift; sourceTree = "<group>"; };
		A5828AAE27F5D03700DC89D3 /* Tweet.swift */ = {isa = PBXFileReference; lastKnownFileType = sourcecode.swift; path = Tweet.swift; sourceTree = "<group>"; };
		A5828AB127F5D05200DC89D3 /* User.swift */ = {isa = PBXFileReference; lastKnownFileType = sourcecode.swift; path = User.swift; sourceTree = "<group>"; };
		A5828AB427F5D0B400DC89D3 /* UserDefaultsManager.swift */ = {isa = PBXFileReference; lastKnownFileType = sourcecode.swift; path = UserDefaultsManager.swift; sourceTree = "<group>"; };
		A5828AB627F5D2CC00DC89D3 /* FeedViewController.swift */ = {isa = PBXFileReference; lastKnownFileType = sourcecode.swift; path = FeedViewController.swift; sourceTree = "<group>"; };
		A5828AB827F5D2D200DC89D3 /* FeedPresenter.swift */ = {isa = PBXFileReference; lastKnownFileType = sourcecode.swift; path = FeedPresenter.swift; sourceTree = "<group>"; };
		A5828ABB27F5D48000DC89D3 /* TabBarItem.swift */ = {isa = PBXFileReference; lastKnownFileType = sourcecode.swift; path = TabBarItem.swift; sourceTree = "<group>"; };
		A5828ABE27F5D5E600DC89D3 /* FeedTableViewCell.swift */ = {isa = PBXFileReference; lastKnownFileType = sourcecode.swift; path = FeedTableViewCell.swift; sourceTree = "<group>"; };
		A5828AC027F5D86600DC89D3 /* Icon.swift */ = {isa = PBXFileReference; lastKnownFileType = sourcecode.swift; path = Icon.swift; sourceTree = "<group>"; };
		A589B0DD280320E500BECC62 /* WriteViewController.swift */ = {isa = PBXFileReference; lastKnownFileType = sourcecode.swift; path = WriteViewController.swift; sourceTree = "<group>"; };
		A589B0DF280320EB00BECC62 /* WritePresenter.swift */ = {isa = PBXFileReference; lastKnownFileType = sourcecode.swift; path = WritePresenter.swift; sourceTree = "<group>"; };
		A5DEBDA628054AE3009B4B8E /* FeedPresenterTests.swift */ = {isa = PBXFileReference; lastKnownFileType = sourcecode.swift; path = FeedPresenterTests.swift; sourceTree = "<group>"; };
		A5DEBDA928054D2D009B4B8E /* MockFeedViewController.swift */ = {isa = PBXFileReference; lastKnownFileType = sourcecode.swift; path = MockFeedViewController.swift; sourceTree = "<group>"; };
		A5DEBDAB28054D62009B4B8E /* MockUserDefaultsManaer.swift */ = {isa = PBXFileReference; lastKnownFileType = sourcecode.swift; path = MockUserDefaultsManaer.swift; sourceTree = "<group>"; };
		A5DEBDAE28054DAD009B4B8E /* WritePresenterTests.swift */ = {isa = PBXFileReference; lastKnownFileType = sourcecode.swift; path = WritePresenterTests.swift; sourceTree = "<group>"; };
		A5DEBDB028054EF7009B4B8E /* MockWriteViewController.swift */ = {isa = PBXFileReference; lastKnownFileType = sourcecode.swift; path = MockWriteViewController.swift; sourceTree = "<group>"; };
		A5DEBDB228054F34009B4B8E /* TweetPresenterTests.swift */ = {isa = PBXFileReference; lastKnownFileType = sourcecode.swift; path = TweetPresenterTests.swift; sourceTree = "<group>"; };
		A5DEBDB42805503C009B4B8E /* MockTweetViewController.swift */ = {isa = PBXFileReference; lastKnownFileType = sourcecode.swift; path = MockTweetViewController.swift; sourceTree = "<group>"; };
		A5DEBDB62805508C009B4B8E /* ProfilePresenterTests.swift */ = {isa = PBXFileReference; lastKnownFileType = sourcecode.swift; path = ProfilePresenterTests.swift; sourceTree = "<group>"; };
		A5DEBDB828055284009B4B8E /* MockProfileViewController.swift */ = {isa = PBXFileReference; lastKnownFileType = sourcecode.swift; path = MockProfileViewController.swift; sourceTree = "<group>"; };
		AA4E2BDB2DA0FA72A982C02F /* Pods_Tweet.framework */ = {isa = PBXFileReference; explicitFileType = wrapper.framework; includeInIndex = 0; path = Pods_Tweet.framework; sourceTree = BUILT_PRODUCTS_DIR; };
		B3BE617E602F0BEA5825D0EC /* Pods-Tweet.debug.xcconfig */ = {isa = PBXFileReference; includeInIndex = 1; lastKnownFileType = text.xcconfig; name = "Pods-Tweet.debug.xcconfig"; path = "Target Support Files/Pods-Tweet/Pods-Tweet.debug.xcconfig"; sourceTree = "<group>"; };
		C834A1F1A3DA1C3BEFA2DFEC /* Pods-Tweet.release.xcconfig */ = {isa = PBXFileReference; includeInIndex = 1; lastKnownFileType = text.xcconfig; name = "Pods-Tweet.release.xcconfig"; path = "Target Support Files/Pods-Tweet/Pods-Tweet.release.xcconfig"; sourceTree = "<group>"; };
		C8B0746E84AB08F22AA67A66 /* Pods-Tweet-TweetUITests.debug.xcconfig */ = {isa = PBXFileReference; includeInIndex = 1; lastKnownFileType = text.xcconfig; name = "Pods-Tweet-TweetUITests.debug.xcconfig"; path = "Target Support Files/Pods-Tweet-TweetUITests/Pods-Tweet-TweetUITests.debug.xcconfig"; sourceTree = "<group>"; };
/* End PBXFileReference section */

/* Begin PBXFrameworksBuildPhase section */
		A5828A7427F5CF8600DC89D3 /* Frameworks */ = {
			isa = PBXFrameworksBuildPhase;
			buildActionMask = 2147483647;
			files = (
				A5DEBDA5280549D1009B4B8E /* Toast in Frameworks */,
				A5828AAC27F5CF9F00DC89D3 /* SnapKit in Frameworks */,
				DEFAAC667DA8EE64D7669F05 /* Pods_Tweet.framework in Frameworks */,
			);
			runOnlyForDeploymentPostprocessing = 0;
		};
		A5828A8A27F5CF8700DC89D3 /* Frameworks */ = {
			isa = PBXFrameworksBuildPhase;
			buildActionMask = 2147483647;
			files = (
				3092DBEB2527AE975E39FA92 /* Pods_TweetTests.framework in Frameworks */,
			);
			runOnlyForDeploymentPostprocessing = 0;
		};
		A5828A9427F5CF8700DC89D3 /* Frameworks */ = {
			isa = PBXFrameworksBuildPhase;
			buildActionMask = 2147483647;
			files = (
				1767F80C7BE0AC2C12B13B3B /* Pods_Tweet_TweetUITests.framework in Frameworks */,
			);
			runOnlyForDeploymentPostprocessing = 0;
		};
/* End PBXFrameworksBuildPhase section */

/* Begin PBXGroup section */
		085E54696F724FCEA1A1C11C /* Frameworks */ = {
			isa = PBXGroup;
			children = (
				AA4E2BDB2DA0FA72A982C02F /* Pods_Tweet.framework */,
				774C543CAA08B7AF94BBAA59 /* Pods_Tweet_TweetUITests.framework */,
				9D976573ABDC8B33E09B3015 /* Pods_TweetTests.framework */,
			);
			name = Frameworks;
			sourceTree = "<group>";
		};
		5C02BDA62911209020E304FE /* Pods */ = {
			isa = PBXGroup;
			children = (
				B3BE617E602F0BEA5825D0EC /* Pods-Tweet.debug.xcconfig */,
				C834A1F1A3DA1C3BEFA2DFEC /* Pods-Tweet.release.xcconfig */,
				C8B0746E84AB08F22AA67A66 /* Pods-Tweet-TweetUITests.debug.xcconfig */,
				6C1F35C7212E81A5858356DD /* Pods-Tweet-TweetUITests.release.xcconfig */,
				66BF9117D345C2186CCCAF04 /* Pods-TweetTests.debug.xcconfig */,
				27F08C0C38809D83D86F57B3 /* Pods-TweetTests.release.xcconfig */,
			);
			path = Pods;
			sourceTree = "<group>";
		};
		A513E84B27F9D5350084BD86 /* Tweet */ = {
			isa = PBXGroup;
			children = (
				A513E84727F9D5290084BD86 /* TweetViewController.swift */,
				A513E84927F9D5310084BD86 /* TweetPresenter.swift */,
			);
			path = Tweet;
			sourceTree = "<group>";
		};
		A54DF58528047A33008C5DD9 /* Profile */ = {
			isa = PBXGroup;
			children = (
				A54DF58128047A28008C5DD9 /* ProfileViewController.swift */,
				A54DF58328047A2E008C5DD9 /* ProfilePresenter.swift */,
			);
			path = Profile;
			sourceTree = "<group>";
		};
		A5828A6E27F5CF8600DC89D3 = {
			isa = PBXGroup;
			children = (
				A5828A7927F5CF8600DC89D3 /* Tweet */,
				A5828A9027F5CF8700DC89D3 /* TweetTests */,
				A5828A9A27F5CF8700DC89D3 /* TweetUITests */,
				A5828A7827F5CF8600DC89D3 /* Products */,
				5C02BDA62911209020E304FE /* Pods */,
				085E54696F724FCEA1A1C11C /* Frameworks */,
			);
			sourceTree = "<group>";
		};
		A5828A7827F5CF8600DC89D3 /* Products */ = {
			isa = PBXGroup;
			children = (
				A5828A7727F5CF8600DC89D3 /* Tweet.app */,
				A5828A8D27F5CF8700DC89D3 /* TweetTests.xctest */,
				A5828A9727F5CF8700DC89D3 /* TweetUITests.xctest */,
			);
			name = Products;
			sourceTree = "<group>";
		};
		A5828A7927F5CF8600DC89D3 /* Tweet */ = {
			isa = PBXGroup;
			children = (
				A5828AB327F5D0AB00DC89D3 /* Manager */,
				A5828AAD27F5D02F00DC89D3 /* Models */,
				A5828A7A27F5CF8600DC89D3 /* AppDelegate.swift */,
				A5828A7C27F5CF8600DC89D3 /* SceneDelegate.swift */,
				A5828AB027F5D03E00DC89D3 /* Scenes */,
				A5828A8327F5CF8700DC89D3 /* Assets.xcassets */,
				A5828A8527F5CF8700DC89D3 /* LaunchScreen.storyboard */,
				A5828A8827F5CF8700DC89D3 /* Info.plist */,
			);
			path = Tweet;
			sourceTree = "<group>";
		};
		A5828A9027F5CF8700DC89D3 /* TweetTests */ = {
			isa = PBXGroup;
			children = (
				A5828A9127F5CF8700DC89D3 /* TweetTests.swift */,
				A5DEBDA828054D20009B4B8E /* Tests */,
			);
			path = TweetTests;
			sourceTree = "<group>";
		};
		A5828A9A27F5CF8700DC89D3 /* TweetUITests */ = {
			isa = PBXGroup;
			children = (
				A5828A9B27F5CF8700DC89D3 /* TweetUITests.swift */,
				A5828A9D27F5CF8700DC89D3 /* TweetUITestsLaunchTests.swift */,
			);
			path = TweetUITests;
			sourceTree = "<group>";
		};
		A5828AAD27F5D02F00DC89D3 /* Models */ = {
			isa = PBXGroup;
			children = (
				A5828AAE27F5D03700DC89D3 /* Tweet.swift */,
				A5828AB127F5D05200DC89D3 /* User.swift */,
			);
			path = Models;
			sourceTree = "<group>";
		};
		A5828AB027F5D03E00DC89D3 /* Scenes */ = {
			isa = PBXGroup;
			children = (
				A5828ABD27F5D48400DC89D3 /* TabBar */,
				A5828ABA27F5D2D600DC89D3 /* Feed */,
				A54DF58528047A33008C5DD9 /* Profile */,
				A513E84B27F9D5350084BD86 /* Tweet */,
				A589B0E1280320EE00BECC62 /* Write */,
				A5828AC027F5D86600DC89D3 /* Icon.swift */,
			);
			path = Scenes;
			sourceTree = "<group>";
		};
		A5828AB327F5D0AB00DC89D3 /* Manager */ = {
			isa = PBXGroup;
			children = (
				A5828AB427F5D0B400DC89D3 /* UserDefaultsManager.swift */,
			);
			path = Manager;
			sourceTree = "<group>";
		};
		A5828ABA27F5D2D600DC89D3 /* Feed */ = {
			isa = PBXGroup;
			children = (
				A5828AB627F5D2CC00DC89D3 /* FeedViewController.swift */,
				A5828AB827F5D2D200DC89D3 /* FeedPresenter.swift */,
				A5828ABE27F5D5E600DC89D3 /* FeedTableViewCell.swift */,
			);
			path = Feed;
			sourceTree = "<group>";
		};
		A5828ABD27F5D48400DC89D3 /* TabBar */ = {
			isa = PBXGroup;
			children = (
				A5828A7E27F5CF8600DC89D3 /* TabBarViewController.swift */,
				A5828ABB27F5D48000DC89D3 /* TabBarItem.swift */,
			);
			path = TabBar;
			sourceTree = "<group>";
		};
		A589B0E1280320EE00BECC62 /* Write */ = {
			isa = PBXGroup;
			children = (
				A589B0DD280320E500BECC62 /* WriteViewController.swift */,
				A589B0DF280320EB00BECC62 /* WritePresenter.swift */,
			);
			path = Write;
			sourceTree = "<group>";
		};
		A5DEBDA828054D20009B4B8E /* Tests */ = {
			isa = PBXGroup;
			children = (
				A5DEBDA628054AE3009B4B8E /* FeedPresenterTests.swift */,
				A5DEBDAE28054DAD009B4B8E /* WritePresenterTests.swift */,
				A5DEBDB228054F34009B4B8E /* TweetPresenterTests.swift */,
				A5DEBDB62805508C009B4B8E /* ProfilePresenterTests.swift */,
				A5DEBDAD28054D76009B4B8E /* Mocks */,
			);
			path = Tests;
			sourceTree = "<group>";
		};
		A5DEBDAD28054D76009B4B8E /* Mocks */ = {
			isa = PBXGroup;
			children = (
				A5DEBDA928054D2D009B4B8E /* MockFeedViewController.swift */,
				A5DEBDAB28054D62009B4B8E /* MockUserDefaultsManaer.swift */,
				A5DEBDB028054EF7009B4B8E /* MockWriteViewController.swift */,
				A5DEBDB42805503C009B4B8E /* MockTweetViewController.swift */,
				A5DEBDB828055284009B4B8E /* MockProfileViewController.swift */,
			);
			path = Mocks;
			sourceTree = "<group>";
		};
/* End PBXGroup section */

/* Begin PBXNativeTarget section */
		A5828A7627F5CF8600DC89D3 /* Tweet */ = {
			isa = PBXNativeTarget;
			buildConfigurationList = A5828AA127F5CF8700DC89D3 /* Build configuration list for PBXNativeTarget "Tweet" */;
			buildPhases = (
				2BE776F1359181A8FD141F96 /* [CP] Check Pods Manifest.lock */,
				A5828A7327F5CF8600DC89D3 /* Sources */,
				A5828A7427F5CF8600DC89D3 /* Frameworks */,
				A5828A7527F5CF8600DC89D3 /* Resources */,
				C2FD373722DDEE22D06DB09F /* [CP] Embed Pods Frameworks */,
			);
			buildRules = (
			);
			dependencies = (
			);
			name = Tweet;
			packageProductDependencies = (
				A5828AAB27F5CF9F00DC89D3 /* SnapKit */,
				A5DEBDA4280549D1009B4B8E /* Toast */,
			);
			productName = Tweet;
			productReference = A5828A7727F5CF8600DC89D3 /* Tweet.app */;
			productType = "com.apple.product-type.application";
		};
		A5828A8C27F5CF8700DC89D3 /* TweetTests */ = {
			isa = PBXNativeTarget;
			buildConfigurationList = A5828AA427F5CF8700DC89D3 /* Build configuration list for PBXNativeTarget "TweetTests" */;
			buildPhases = (
				3B1514E58F92402D5355D5F6 /* [CP] Check Pods Manifest.lock */,
				A5828A8927F5CF8700DC89D3 /* Sources */,
				A5828A8A27F5CF8700DC89D3 /* Frameworks */,
				A5828A8B27F5CF8700DC89D3 /* Resources */,
			);
			buildRules = (
			);
			dependencies = (
				A5828A8F27F5CF8700DC89D3 /* PBXTargetDependency */,
			);
			name = TweetTests;
			productName = TweetTests;
			productReference = A5828A8D27F5CF8700DC89D3 /* TweetTests.xctest */;
			productType = "com.apple.product-type.bundle.unit-test";
		};
		A5828A9627F5CF8700DC89D3 /* TweetUITests */ = {
			isa = PBXNativeTarget;
			buildConfigurationList = A5828AA727F5CF8700DC89D3 /* Build configuration list for PBXNativeTarget "TweetUITests" */;
			buildPhases = (
				577F856DA76C4C2468AE6C9D /* [CP] Check Pods Manifest.lock */,
				A5828A9327F5CF8700DC89D3 /* Sources */,
				A5828A9427F5CF8700DC89D3 /* Frameworks */,
				A5828A9527F5CF8700DC89D3 /* Resources */,
				B60B0B3BFFDFBCF3989B0FF9 /* [CP] Embed Pods Frameworks */,
			);
			buildRules = (
			);
			dependencies = (
				A5828A9927F5CF8700DC89D3 /* PBXTargetDependency */,
			);
			name = TweetUITests;
			productName = TweetUITests;
			productReference = A5828A9727F5CF8700DC89D3 /* TweetUITests.xctest */;
			productType = "com.apple.product-type.bundle.ui-testing";
		};
/* End PBXNativeTarget section */

/* Begin PBXProject section */
		A5828A6F27F5CF8600DC89D3 /* Project object */ = {
			isa = PBXProject;
			attributes = {
				BuildIndependentTargetsInParallel = 1;
				LastSwiftUpdateCheck = 1330;
				LastUpgradeCheck = 1330;
				TargetAttributes = {
					A5828A7627F5CF8600DC89D3 = {
						CreatedOnToolsVersion = 13.3;
					};
					A5828A8C27F5CF8700DC89D3 = {
						CreatedOnToolsVersion = 13.3;
						TestTargetID = A5828A7627F5CF8600DC89D3;
					};
					A5828A9627F5CF8700DC89D3 = {
						CreatedOnToolsVersion = 13.3;
						TestTargetID = A5828A7627F5CF8600DC89D3;
					};
				};
			};
			buildConfigurationList = A5828A7227F5CF8600DC89D3 /* Build configuration list for PBXProject "Tweet" */;
			compatibilityVersion = "Xcode 13.0";
			developmentRegion = en;
			hasScannedForEncodings = 0;
			knownRegions = (
				en,
				Base,
			);
			mainGroup = A5828A6E27F5CF8600DC89D3;
			packageReferences = (
				A5828AAA27F5CF9F00DC89D3 /* XCRemoteSwiftPackageReference "SnapKit" */,
				A5DEBDA3280549D1009B4B8E /* XCRemoteSwiftPackageReference "Toast-Swift" */,
			);
			productRefGroup = A5828A7827F5CF8600DC89D3 /* Products */;
			projectDirPath = "";
			projectRoot = "";
			targets = (
				A5828A7627F5CF8600DC89D3 /* Tweet */,
				A5828A8C27F5CF8700DC89D3 /* TweetTests */,
				A5828A9627F5CF8700DC89D3 /* TweetUITests */,
			);
		};
/* End PBXProject section */

/* Begin PBXResourcesBuildPhase section */
		A5828A7527F5CF8600DC89D3 /* Resources */ = {
			isa = PBXResourcesBuildPhase;
			buildActionMask = 2147483647;
			files = (
				A5828A8727F5CF8700DC89D3 /* LaunchScreen.storyboard in Resources */,
				A5828A8427F5CF8700DC89D3 /* Assets.xcassets in Resources */,
			);
			runOnlyForDeploymentPostprocessing = 0;
		};
		A5828A8B27F5CF8700DC89D3 /* Resources */ = {
			isa = PBXResourcesBuildPhase;
			buildActionMask = 2147483647;
			files = (
			);
			runOnlyForDeploymentPostprocessing = 0;
		};
		A5828A9527F5CF8700DC89D3 /* Resources */ = {
			isa = PBXResourcesBuildPhase;
			buildActionMask = 2147483647;
			files = (
			);
			runOnlyForDeploymentPostprocessing = 0;
		};
/* End PBXResourcesBuildPhase section */

/* Begin PBXShellScriptBuildPhase section */
		2BE776F1359181A8FD141F96 /* [CP] Check Pods Manifest.lock */ = {
			isa = PBXShellScriptBuildPhase;
			buildActionMask = 2147483647;
			files = (
			);
			inputFileListPaths = (
			);
			inputPaths = (
				"${PODS_PODFILE_DIR_PATH}/Podfile.lock",
				"${PODS_ROOT}/Manifest.lock",
			);
			name = "[CP] Check Pods Manifest.lock";
			outputFileListPaths = (
			);
			outputPaths = (
				"$(DERIVED_FILE_DIR)/Pods-Tweet-checkManifestLockResult.txt",
			);
			runOnlyForDeploymentPostprocessing = 0;
			shellPath = /bin/sh;
			shellScript = "diff \"${PODS_PODFILE_DIR_PATH}/Podfile.lock\" \"${PODS_ROOT}/Manifest.lock\" > /dev/null\nif [ $? != 0 ] ; then\n    # print error to STDERR\n    echo \"error: The sandbox is not in sync with the Podfile.lock. Run 'pod install' or update your CocoaPods installation.\" >&2\n    exit 1\nfi\n# This output is used by Xcode 'outputs' to avoid re-running this script phase.\necho \"SUCCESS\" > \"${SCRIPT_OUTPUT_FILE_0}\"\n";
			showEnvVarsInLog = 0;
		};
		3B1514E58F92402D5355D5F6 /* [CP] Check Pods Manifest.lock */ = {
			isa = PBXShellScriptBuildPhase;
			buildActionMask = 2147483647;
			files = (
			);
			inputFileListPaths = (
			);
			inputPaths = (
				"${PODS_PODFILE_DIR_PATH}/Podfile.lock",
				"${PODS_ROOT}/Manifest.lock",
			);
			name = "[CP] Check Pods Manifest.lock";
			outputFileListPaths = (
			);
			outputPaths = (
				"$(DERIVED_FILE_DIR)/Pods-TweetTests-checkManifestLockResult.txt",
			);
			runOnlyForDeploymentPostprocessing = 0;
			shellPath = /bin/sh;
			shellScript = "diff \"${PODS_PODFILE_DIR_PATH}/Podfile.lock\" \"${PODS_ROOT}/Manifest.lock\" > /dev/null\nif [ $? != 0 ] ; then\n    # print error to STDERR\n    echo \"error: The sandbox is not in sync with the Podfile.lock. Run 'pod install' or update your CocoaPods installation.\" >&2\n    exit 1\nfi\n# This output is used by Xcode 'outputs' to avoid re-running this script phase.\necho \"SUCCESS\" > \"${SCRIPT_OUTPUT_FILE_0}\"\n";
			showEnvVarsInLog = 0;
		};
		577F856DA76C4C2468AE6C9D /* [CP] Check Pods Manifest.lock */ = {
			isa = PBXShellScriptBuildPhase;
			buildActionMask = 2147483647;
			files = (
			);
			inputFileListPaths = (
			);
			inputPaths = (
				"${PODS_PODFILE_DIR_PATH}/Podfile.lock",
				"${PODS_ROOT}/Manifest.lock",
			);
			name = "[CP] Check Pods Manifest.lock";
			outputFileListPaths = (
			);
			outputPaths = (
				"$(DERIVED_FILE_DIR)/Pods-Tweet-TweetUITests-checkManifestLockResult.txt",
			);
			runOnlyForDeploymentPostprocessing = 0;
			shellPath = /bin/sh;
			shellScript = "diff \"${PODS_PODFILE_DIR_PATH}/Podfile.lock\" \"${PODS_ROOT}/Manifest.lock\" > /dev/null\nif [ $? != 0 ] ; then\n    # print error to STDERR\n    echo \"error: The sandbox is not in sync with the Podfile.lock. Run 'pod install' or update your CocoaPods installation.\" >&2\n    exit 1\nfi\n# This output is used by Xcode 'outputs' to avoid re-running this script phase.\necho \"SUCCESS\" > \"${SCRIPT_OUTPUT_FILE_0}\"\n";
			showEnvVarsInLog = 0;
		};
		B60B0B3BFFDFBCF3989B0FF9 /* [CP] Embed Pods Frameworks */ = {
			isa = PBXShellScriptBuildPhase;
			buildActionMask = 2147483647;
			files = (
			);
			inputFileListPaths = (
				"${PODS_ROOT}/Target Support Files/Pods-Tweet-TweetUITests/Pods-Tweet-TweetUITests-frameworks-${CONFIGURATION}-input-files.xcfilelist",
			);
			name = "[CP] Embed Pods Frameworks";
			outputFileListPaths = (
				"${PODS_ROOT}/Target Support Files/Pods-Tweet-TweetUITests/Pods-Tweet-TweetUITests-frameworks-${CONFIGURATION}-output-files.xcfilelist",
			);
			runOnlyForDeploymentPostprocessing = 0;
			shellPath = /bin/sh;
			shellScript = "\"${PODS_ROOT}/Target Support Files/Pods-Tweet-TweetUITests/Pods-Tweet-TweetUITests-frameworks.sh\"\n";
			showEnvVarsInLog = 0;
		};
		C2FD373722DDEE22D06DB09F /* [CP] Embed Pods Frameworks */ = {
			isa = PBXShellScriptBuildPhase;
			buildActionMask = 2147483647;
			files = (
			);
			inputFileListPaths = (
				"${PODS_ROOT}/Target Support Files/Pods-Tweet/Pods-Tweet-frameworks-${CONFIGURATION}-input-files.xcfilelist",
			);
			name = "[CP] Embed Pods Frameworks";
			outputFileListPaths = (
				"${PODS_ROOT}/Target Support Files/Pods-Tweet/Pods-Tweet-frameworks-${CONFIGURATION}-output-files.xcfilelist",
			);
			runOnlyForDeploymentPostprocessing = 0;
			shellPath = /bin/sh;
			shellScript = "\"${PODS_ROOT}/Target Support Files/Pods-Tweet/Pods-Tweet-frameworks.sh\"\n";
			showEnvVarsInLog = 0;
		};
/* End PBXShellScriptBuildPhase section */

/* Begin PBXSourcesBuildPhase section */
		A5828A7327F5CF8600DC89D3 /* Sources */ = {
			isa = PBXSourcesBuildPhase;
			buildActionMask = 2147483647;
			files = (
				A5828A7F27F5CF8600DC89D3 /* TabBarViewController.swift in Sources */,
				A5828A7B27F5CF8600DC89D3 /* AppDelegate.swift in Sources */,
				A5828AB927F5D2D200DC89D3 /* FeedPresenter.swift in Sources */,
				A5828ABC27F5D48000DC89D3 /* TabBarItem.swift in Sources */,
				A513E84A27F9D5310084BD86 /* TweetPresenter.swift in Sources */,
				A5828AB527F5D0B400DC89D3 /* UserDefaultsManager.swift in Sources */,
				A54DF58228047A28008C5DD9 /* ProfileViewController.swift in Sources */,
				A589B0DE280320E500BECC62 /* WriteViewController.swift in Sources */,
				A589B0E0280320EB00BECC62 /* WritePresenter.swift in Sources */,
				A5828A7D27F5CF8600DC89D3 /* SceneDelegate.swift in Sources */,
				A54DF58428047A2E008C5DD9 /* ProfilePresenter.swift in Sources */,
				A5828AB227F5D05200DC89D3 /* User.swift in Sources */,
				A5828AAF27F5D03700DC89D3 /* Tweet.swift in Sources */,
				A513E84827F9D5290084BD86 /* TweetViewController.swift in Sources */,
				A5828AB727F5D2CC00DC89D3 /* FeedViewController.swift in Sources */,
				A5828ABF27F5D5E600DC89D3 /* FeedTableViewCell.swift in Sources */,
				A5828AC127F5D86600DC89D3 /* Icon.swift in Sources */,
			);
			runOnlyForDeploymentPostprocessing = 0;
		};
		A5828A8927F5CF8700DC89D3 /* Sources */ = {
			isa = PBXSourcesBuildPhase;
			buildActionMask = 2147483647;
			files = (
				A5DEBDB72805508C009B4B8E /* ProfilePresenterTests.swift in Sources */,
				A5DEBDAC28054D62009B4B8E /* MockUserDefaultsManaer.swift in Sources */,
				A5DEBDAA28054D2D009B4B8E /* MockFeedViewController.swift in Sources */,
				A5DEBDB52805503C009B4B8E /* MockTweetViewController.swift in Sources */,
				A5DEBDB128054EF7009B4B8E /* MockWriteViewController.swift in Sources */,
				A5DEBDA728054AE3009B4B8E /* FeedPresenterTests.swift in Sources */,
				A5DEBDB928055284009B4B8E /* MockProfileViewController.swift in Sources */,
				A5828A9227F5CF8700DC89D3 /* TweetTests.swift in Sources */,
				A5DEBDB328054F34009B4B8E /* TweetPresenterTests.swift in Sources */,
				A5DEBDAF28054DAD009B4B8E /* WritePresenterTests.swift in Sources */,
			);
			runOnlyForDeploymentPostprocessing = 0;
		};
		A5828A9327F5CF8700DC89D3 /* Sources */ = {
			isa = PBXSourcesBuildPhase;
			buildActionMask = 2147483647;
			files = (
				A5828A9E27F5CF8700DC89D3 /* TweetUITestsLaunchTests.swift in Sources */,
				A5828A9C27F5CF8700DC89D3 /* TweetUITests.swift in Sources */,
			);
			runOnlyForDeploymentPostprocessing = 0;
		};
/* End PBXSourcesBuildPhase section */

/* Begin PBXTargetDependency section */
		A5828A8F27F5CF8700DC89D3 /* PBXTargetDependency */ = {
			isa = PBXTargetDependency;
			target = A5828A7627F5CF8600DC89D3 /* Tweet */;
			targetProxy = A5828A8E27F5CF8700DC89D3 /* PBXContainerItemProxy */;
		};
		A5828A9927F5CF8700DC89D3 /* PBXTargetDependency */ = {
			isa = PBXTargetDependency;
			target = A5828A7627F5CF8600DC89D3 /* Tweet */;
			targetProxy = A5828A9827F5CF8700DC89D3 /* PBXContainerItemProxy */;
		};
/* End PBXTargetDependency section */

/* Begin PBXVariantGroup section */
		A5828A8527F5CF8700DC89D3 /* LaunchScreen.storyboard */ = {
			isa = PBXVariantGroup;
			children = (
				A5828A8627F5CF8700DC89D3 /* Base */,
			);
			name = LaunchScreen.storyboard;
			sourceTree = "<group>";
		};
/* End PBXVariantGroup section */

/* Begin XCBuildConfiguration section */
		A5828A9F27F5CF8700DC89D3 /* Debug */ = {
			isa = XCBuildConfiguration;
			buildSettings = {
				ALWAYS_SEARCH_USER_PATHS = NO;
				CLANG_ANALYZER_NONNULL = YES;
				CLANG_ANALYZER_NUMBER_OBJECT_CONVERSION = YES_AGGRESSIVE;
				CLANG_CXX_LANGUAGE_STANDARD = "gnu++17";
				CLANG_ENABLE_MODULES = YES;
				CLANG_ENABLE_OBJC_ARC = YES;
				CLANG_ENABLE_OBJC_WEAK = YES;
				CLANG_WARN_BLOCK_CAPTURE_AUTORELEASING = YES;
				CLANG_WARN_BOOL_CONVERSION = YES;
				CLANG_WARN_COMMA = YES;
				CLANG_WARN_CONSTANT_CONVERSION = YES;
				CLANG_WARN_DEPRECATED_OBJC_IMPLEMENTATIONS = YES;
				CLANG_WARN_DIRECT_OBJC_ISA_USAGE = YES_ERROR;
				CLANG_WARN_DOCUMENTATION_COMMENTS = YES;
				CLANG_WARN_EMPTY_BODY = YES;
				CLANG_WARN_ENUM_CONVERSION = YES;
				CLANG_WARN_INFINITE_RECURSION = YES;
				CLANG_WARN_INT_CONVERSION = YES;
				CLANG_WARN_NON_LITERAL_NULL_CONVERSION = YES;
				CLANG_WARN_OBJC_IMPLICIT_RETAIN_SELF = YES;
				CLANG_WARN_OBJC_LITERAL_CONVERSION = YES;
				CLANG_WARN_OBJC_ROOT_CLASS = YES_ERROR;
				CLANG_WARN_QUOTED_INCLUDE_IN_FRAMEWORK_HEADER = YES;
				CLANG_WARN_RANGE_LOOP_ANALYSIS = YES;
				CLANG_WARN_STRICT_PROTOTYPES = YES;
				CLANG_WARN_SUSPICIOUS_MOVE = YES;
				CLANG_WARN_UNGUARDED_AVAILABILITY = YES_AGGRESSIVE;
				CLANG_WARN_UNREACHABLE_CODE = YES;
				CLANG_WARN__DUPLICATE_METHOD_MATCH = YES;
				COPY_PHASE_STRIP = NO;
				DEBUG_INFORMATION_FORMAT = dwarf;
				ENABLE_STRICT_OBJC_MSGSEND = YES;
				ENABLE_TESTABILITY = YES;
				GCC_C_LANGUAGE_STANDARD = gnu11;
				GCC_DYNAMIC_NO_PIC = NO;
				GCC_NO_COMMON_BLOCKS = YES;
				GCC_OPTIMIZATION_LEVEL = 0;
				GCC_PREPROCESSOR_DEFINITIONS = (
					"DEBUG=1",
					"$(inherited)",
				);
				GCC_WARN_64_TO_32_BIT_CONVERSION = YES;
				GCC_WARN_ABOUT_RETURN_TYPE = YES_ERROR;
				GCC_WARN_UNDECLARED_SELECTOR = YES;
				GCC_WARN_UNINITIALIZED_AUTOS = YES_AGGRESSIVE;
				GCC_WARN_UNUSED_FUNCTION = YES;
				GCC_WARN_UNUSED_VARIABLE = YES;
				IPHONEOS_DEPLOYMENT_TARGET = 15.4;
				MTL_ENABLE_DEBUG_INFO = INCLUDE_SOURCE;
				MTL_FAST_MATH = YES;
				ONLY_ACTIVE_ARCH = YES;
				SDKROOT = iphoneos;
				SWIFT_ACTIVE_COMPILATION_CONDITIONS = DEBUG;
				SWIFT_OPTIMIZATION_LEVEL = "-Onone";
			};
			name = Debug;
		};
		A5828AA027F5CF8700DC89D3 /* Release */ = {
			isa = XCBuildConfiguration;
			buildSettings = {
				ALWAYS_SEARCH_USER_PATHS = NO;
				CLANG_ANALYZER_NONNULL = YES;
				CLANG_ANALYZER_NUMBER_OBJECT_CONVERSION = YES_AGGRESSIVE;
				CLANG_CXX_LANGUAGE_STANDARD = "gnu++17";
				CLANG_ENABLE_MODULES = YES;
				CLANG_ENABLE_OBJC_ARC = YES;
				CLANG_ENABLE_OBJC_WEAK = YES;
				CLANG_WARN_BLOCK_CAPTURE_AUTORELEASING = YES;
				CLANG_WARN_BOOL_CONVERSION = YES;
				CLANG_WARN_COMMA = YES;
				CLANG_WARN_CONSTANT_CONVERSION = YES;
				CLANG_WARN_DEPRECATED_OBJC_IMPLEMENTATIONS = YES;
				CLANG_WARN_DIRECT_OBJC_ISA_USAGE = YES_ERROR;
				CLANG_WARN_DOCUMENTATION_COMMENTS = YES;
				CLANG_WARN_EMPTY_BODY = YES;
				CLANG_WARN_ENUM_CONVERSION = YES;
				CLANG_WARN_INFINITE_RECURSION = YES;
				CLANG_WARN_INT_CONVERSION = YES;
				CLANG_WARN_NON_LITERAL_NULL_CONVERSION = YES;
				CLANG_WARN_OBJC_IMPLICIT_RETAIN_SELF = YES;
				CLANG_WARN_OBJC_LITERAL_CONVERSION = YES;
				CLANG_WARN_OBJC_ROOT_CLASS = YES_ERROR;
				CLANG_WARN_QUOTED_INCLUDE_IN_FRAMEWORK_HEADER = YES;
				CLANG_WARN_RANGE_LOOP_ANALYSIS = YES;
				CLANG_WARN_STRICT_PROTOTYPES = YES;
				CLANG_WARN_SUSPICIOUS_MOVE = YES;
				CLANG_WARN_UNGUARDED_AVAILABILITY = YES_AGGRESSIVE;
				CLANG_WARN_UNREACHABLE_CODE = YES;
				CLANG_WARN__DUPLICATE_METHOD_MATCH = YES;
				COPY_PHASE_STRIP = NO;
				DEBUG_INFORMATION_FORMAT = "dwarf-with-dsym";
				ENABLE_NS_ASSERTIONS = NO;
				ENABLE_STRICT_OBJC_MSGSEND = YES;
				GCC_C_LANGUAGE_STANDARD = gnu11;
				GCC_NO_COMMON_BLOCKS = YES;
				GCC_WARN_64_TO_32_BIT_CONVERSION = YES;
				GCC_WARN_ABOUT_RETURN_TYPE = YES_ERROR;
				GCC_WARN_UNDECLARED_SELECTOR = YES;
				GCC_WARN_UNINITIALIZED_AUTOS = YES_AGGRESSIVE;
				GCC_WARN_UNUSED_FUNCTION = YES;
				GCC_WARN_UNUSED_VARIABLE = YES;
				IPHONEOS_DEPLOYMENT_TARGET = 15.4;
				MTL_ENABLE_DEBUG_INFO = NO;
				MTL_FAST_MATH = YES;
				SDKROOT = iphoneos;
				SWIFT_COMPILATION_MODE = wholemodule;
				SWIFT_OPTIMIZATION_LEVEL = "-O";
				VALIDATE_PRODUCT = YES;
			};
			name = Release;
		};
		A5828AA227F5CF8700DC89D3 /* Debug */ = {
			isa = XCBuildConfiguration;
			baseConfigurationReference = B3BE617E602F0BEA5825D0EC /* Pods-Tweet.debug.xcconfig */;
			buildSettings = {
				ASSETCATALOG_COMPILER_APPICON_NAME = AppIcon;
				ASSETCATALOG_COMPILER_GLOBAL_ACCENT_COLOR_NAME = AccentColor;
				CODE_SIGN_STYLE = Automatic;
				CURRENT_PROJECT_VERSION = 1;
				DEVELOPMENT_TEAM = MZ4WUT4W35;
				GENERATE_INFOPLIST_FILE = YES;
				INFOPLIST_FILE = Tweet/Info.plist;
				INFOPLIST_KEY_UIApplicationSupportsIndirectInputEvents = YES;
				INFOPLIST_KEY_UILaunchStoryboardName = LaunchScreen;
				INFOPLIST_KEY_UISupportedInterfaceOrientations_iPad = "UIInterfaceOrientationPortrait UIInterfaceOrientationPortraitUpsideDown UIInterfaceOrientationLandscapeLeft UIInterfaceOrientationLandscapeRight";
				INFOPLIST_KEY_UISupportedInterfaceOrientations_iPhone = "UIInterfaceOrientationPortrait UIInterfaceOrientationLandscapeLeft UIInterfaceOrientationLandscapeRight";
				LD_RUNPATH_SEARCH_PATHS = (
					"$(inherited)",
					"@executable_path/Frameworks",
				);
				MARKETING_VERSION = 1.0;
				PRODUCT_BUNDLE_IDENTIFIER = com.alswl.Tweet;
				PRODUCT_NAME = "$(TARGET_NAME)";
				SWIFT_EMIT_LOC_STRINGS = YES;
				SWIFT_VERSION = 5.0;
				TARGETED_DEVICE_FAMILY = "1,2";
			};
			name = Debug;
		};
		A5828AA327F5CF8700DC89D3 /* Release */ = {
			isa = XCBuildConfiguration;
			baseConfigurationReference = C834A1F1A3DA1C3BEFA2DFEC /* Pods-Tweet.release.xcconfig */;
			buildSettings = {
				ASSETCATALOG_COMPILER_APPICON_NAME = AppIcon;
				ASSETCATALOG_COMPILER_GLOBAL_ACCENT_COLOR_NAME = AccentColor;
				CODE_SIGN_STYLE = Automatic;
				CURRENT_PROJECT_VERSION = 1;
				DEVELOPMENT_TEAM = MZ4WUT4W35;
				GENERATE_INFOPLIST_FILE = YES;
				INFOPLIST_FILE = Tweet/Info.plist;
				INFOPLIST_KEY_UIApplicationSupportsIndirectInputEvents = YES;
				INFOPLIST_KEY_UILaunchStoryboardName = LaunchScreen;
				INFOPLIST_KEY_UISupportedInterfaceOrientations_iPad = "UIInterfaceOrientationPortrait UIInterfaceOrientationPortraitUpsideDown UIInterfaceOrientationLandscapeLeft UIInterfaceOrientationLandscapeRight";
				INFOPLIST_KEY_UISupportedInterfaceOrientations_iPhone = "UIInterfaceOrientationPortrait UIInterfaceOrientationLandscapeLeft UIInterfaceOrientationLandscapeRight";
				LD_RUNPATH_SEARCH_PATHS = (
					"$(inherited)",
					"@executable_path/Frameworks",
				);
				MARKETING_VERSION = 1.0;
				PRODUCT_BUNDLE_IDENTIFIER = com.alswl.Tweet;
				PRODUCT_NAME = "$(TARGET_NAME)";
				SWIFT_EMIT_LOC_STRINGS = YES;
				SWIFT_VERSION = 5.0;
				TARGETED_DEVICE_FAMILY = "1,2";
			};
			name = Release;
		};
		A5828AA527F5CF8700DC89D3 /* Debug */ = {
			isa = XCBuildConfiguration;
			baseConfigurationReference = 66BF9117D345C2186CCCAF04 /* Pods-TweetTests.debug.xcconfig */;
			buildSettings = {
				ALWAYS_EMBED_SWIFT_STANDARD_LIBRARIES = YES;
				BUNDLE_LOADER = "$(TEST_HOST)";
				CODE_SIGN_STYLE = Automatic;
				CURRENT_PROJECT_VERSION = 1;
				DEVELOPMENT_TEAM = MZ4WUT4W35;
				GENERATE_INFOPLIST_FILE = YES;
				IPHONEOS_DEPLOYMENT_TARGET = 15.4;
				MARKETING_VERSION = 1.0;
				PRODUCT_BUNDLE_IDENTIFIER = com.alswl.TweetTests;
				PRODUCT_NAME = "$(TARGET_NAME)";
				SWIFT_EMIT_LOC_STRINGS = NO;
				SWIFT_VERSION = 5.0;
				TARGETED_DEVICE_FAMILY = "1,2";
				TEST_HOST = "$(BUILT_PRODUCTS_DIR)/Tweet.app/Tweet";
			};
			name = Debug;
		};
		A5828AA627F5CF8700DC89D3 /* Release */ = {
			isa = XCBuildConfiguration;
			baseConfigurationReference = 27F08C0C38809D83D86F57B3 /* Pods-TweetTests.release.xcconfig */;
			buildSettings = {
				ALWAYS_EMBED_SWIFT_STANDARD_LIBRARIES = YES;
				BUNDLE_LOADER = "$(TEST_HOST)";
				CODE_SIGN_STYLE = Automatic;
				CURRENT_PROJECT_VERSION = 1;
				DEVELOPMENT_TEAM = MZ4WUT4W35;
				GENERATE_INFOPLIST_FILE = YES;
				IPHONEOS_DEPLOYMENT_TARGET = 15.4;
				MARKETING_VERSION = 1.0;
				PRODUCT_BUNDLE_IDENTIFIER = com.alswl.TweetTests;
				PRODUCT_NAME = "$(TARGET_NAME)";
				SWIFT_EMIT_LOC_STRINGS = NO;
				SWIFT_VERSION = 5.0;
				TARGETED_DEVICE_FAMILY = "1,2";
				TEST_HOST = "$(BUILT_PRODUCTS_DIR)/Tweet.app/Tweet";
			};
			name = Release;
		};
		A5828AA827F5CF8700DC89D3 /* Debug */ = {
			isa = XCBuildConfiguration;
			baseConfigurationReference = C8B0746E84AB08F22AA67A66 /* Pods-Tweet-TweetUITests.debug.xcconfig */;
			buildSettings = {
				ALWAYS_EMBED_SWIFT_STANDARD_LIBRARIES = YES;
				CODE_SIGN_STYLE = Automatic;
				CURRENT_PROJECT_VERSION = 1;
				DEVELOPMENT_TEAM = MZ4WUT4W35;
				GENERATE_INFOPLIST_FILE = YES;
				MARKETING_VERSION = 1.0;
				PRODUCT_BUNDLE_IDENTIFIER = com.alswl.TweetUITests;
				PRODUCT_NAME = "$(TARGET_NAME)";
				SWIFT_EMIT_LOC_STRINGS = NO;
				SWIFT_VERSION = 5.0;
				TARGETED_DEVICE_FAMILY = "1,2";
				TEST_TARGET_NAME = Tweet;
			};
			name = Debug;
		};
		A5828AA927F5CF8700DC89D3 /* Release */ = {
			isa = XCBuildConfiguration;
			baseConfigurationReference = 6C1F35C7212E81A5858356DD /* Pods-Tweet-TweetUITests.release.xcconfig */;
			buildSettings = {
				ALWAYS_EMBED_SWIFT_STANDARD_LIBRARIES = YES;
				CODE_SIGN_STYLE = Automatic;
				CURRENT_PROJECT_VERSION = 1;
				DEVELOPMENT_TEAM = MZ4WUT4W35;
				GENERATE_INFOPLIST_FILE = YES;
				MARKETING_VERSION = 1.0;
				PRODUCT_BUNDLE_IDENTIFIER = com.alswl.TweetUITests;
				PRODUCT_NAME = "$(TARGET_NAME)";
				SWIFT_EMIT_LOC_STRINGS = NO;
				SWIFT_VERSION = 5.0;
				TARGETED_DEVICE_FAMILY = "1,2";
				TEST_TARGET_NAME = Tweet;
			};
			name = Release;
		};
/* End XCBuildConfiguration section */

/* Begin XCConfigurationList section */
		A5828A7227F5CF8600DC89D3 /* Build configuration list for PBXProject "Tweet" */ = {
			isa = XCConfigurationList;
			buildConfigurations = (
				A5828A9F27F5CF8700DC89D3 /* Debug */,
				A5828AA027F5CF8700DC89D3 /* Release */,
			);
			defaultConfigurationIsVisible = 0;
			defaultConfigurationName = Release;
		};
		A5828AA127F5CF8700DC89D3 /* Build configuration list for PBXNativeTarget "Tweet" */ = {
			isa = XCConfigurationList;
			buildConfigurations = (
				A5828AA227F5CF8700DC89D3 /* Debug */,
				A5828AA327F5CF8700DC89D3 /* Release */,
			);
			defaultConfigurationIsVisible = 0;
			defaultConfigurationName = Release;
		};
		A5828AA427F5CF8700DC89D3 /* Build configuration list for PBXNativeTarget "TweetTests" */ = {
			isa = XCConfigurationList;
			buildConfigurations = (
				A5828AA527F5CF8700DC89D3 /* Debug */,
				A5828AA627F5CF8700DC89D3 /* Release */,
			);
			defaultConfigurationIsVisible = 0;
			defaultConfigurationName = Release;
		};
		A5828AA727F5CF8700DC89D3 /* Build configuration list for PBXNativeTarget "TweetUITests" */ = {
			isa = XCConfigurationList;
			buildConfigurations = (
				A5828AA827F5CF8700DC89D3 /* Debug */,
				A5828AA927F5CF8700DC89D3 /* Release */,
			);
			defaultConfigurationIsVisible = 0;
			defaultConfigurationName = Release;
		};
/* End XCConfigurationList section */

/* Begin XCRemoteSwiftPackageReference section */
		A5828AAA27F5CF9F00DC89D3 /* XCRemoteSwiftPackageReference "SnapKit" */ = {
			isa = XCRemoteSwiftPackageReference;
			repositoryURL = "https://github.com/SnapKit/SnapKit.git";
			requirement = {
				kind = upToNextMajorVersion;
				minimumVersion = 5.0.0;
			};
		};
		A5DEBDA3280549D1009B4B8E /* XCRemoteSwiftPackageReference "Toast-Swift" */ = {
			isa = XCRemoteSwiftPackageReference;
			repositoryURL = "https://github.com/scalessec/Toast-Swift";
			requirement = {
				kind = upToNextMajorVersion;
				minimumVersion = 5.0.0;
			};
		};
/* End XCRemoteSwiftPackageReference section */

/* Begin XCSwiftPackageProductDependency section */
		A5828AAB27F5CF9F00DC89D3 /* SnapKit */ = {
			isa = XCSwiftPackageProductDependency;
			package = A5828AAA27F5CF9F00DC89D3 /* XCRemoteSwiftPackageReference "SnapKit" */;
			productName = SnapKit;
		};
		A5DEBDA4280549D1009B4B8E /* Toast */ = {
			isa = XCSwiftPackageProductDependency;
			package = A5DEBDA3280549D1009B4B8E /* XCRemoteSwiftPackageReference "Toast-Swift" */;
			productName = Toast;
		};
/* End XCSwiftPackageProductDependency section */
	};
	rootObject = A5828A6F27F5CF8600DC89D3 /* Project object */;
}
